{
  "requires": true,
  "lockfileVersion": 1,
  "dependencies": {
    "bootstrap": {
      "version": "3.4.1",
      "resolved": "https://registry.npmjs.org/bootstrap/-/bootstrap-3.4.1.tgz",
      "integrity": "sha512-yN5oZVmRCwe5aKwzRj6736nSmKDX7pLYwsXiCj/EYmo16hODaBiT4En5btW/jhBF/seV+XMx3aYwukYC3A49DA=="
    },
    "mdb-ui-kit": {
      "version": "3.0.0",
      "resolved": "https://registry.npmjs.org/mdb-ui-kit/-/mdb-ui-kit-3.0.0.tgz",
      "integrity": "sha512-4Hr6u2qnWxd5Od+fsF+oB2MePU9HUubsOn6+rE7F6bTU5eDDtgpqPoo4/DrOJx68+2vp0hrA8i/2/zo4lCTvoQ=="
    }
  }
}
